// !$*UTF8*$!
{
	archiveVersion = 1;
	classes = {
	};
	objectVersion = 56;
	objects = {

/* Begin PBXBuildFile section */
		E8D01C7B2C85B350008A57B6 /* ImageGeneratorApp.swift in Sources */ = {isa = PBXBuildFile; fileRef = E8D01C7A2C85B350008A57B6 /* ImageGeneratorApp.swift */; };
		E8D01C7D2C85B350008A57B6 /* PromptView.swift in Sources */ = {isa = PBXBuildFile; fileRef = E8D01C7C2C85B350008A57B6 /* PromptView.swift */; };
		E8D01C7F2C85B354008A57B6 /* Assets.xcassets in Resources */ = {isa = PBXBuildFile; fileRef = E8D01C7E2C85B354008A57B6 /* Assets.xcassets */; };
		E8D01C822C85B354008A57B6 /* Preview Assets.xcassets in Resources */ = {isa = PBXBuildFile; fileRef = E8D01C812C85B354008A57B6 /* Preview Assets.xcassets */; };
		E8D01C8A2C85B3CB008A57B6 /* ImageStyle.swift in Sources */ = {isa = PBXBuildFile; fileRef = E8D01C892C85B3CB008A57B6 /* ImageStyle.swift */; };
		E8D01C8E2C85BC78008A57B6 /* GeneratorView.swift in Sources */ = {isa = PBXBuildFile; fileRef = E8D01C8D2C85BC78008A57B6 /* GeneratorView.swift */; };
		E8D01C912C85BD81008A57B6 /* GeneratedViewModel.swift in Sources */ = {isa = PBXBuildFile; fileRef = E8D01C902C85BD81008A57B6 /* GeneratedViewModel.swift */; };
		E8D01C992C85BF7F008A57B6 /* OpenAIService.swift in Sources */ = {isa = PBXBuildFile; fileRef = E8D01C982C85BF7F008A57B6 /* OpenAIService.swift */; };
		E8D01C9B2C85C175008A57B6 /* Constans.swift in Sources */ = {isa = PBXBuildFile; fileRef = E8D01C9A2C85C175008A57B6 /* Constans.swift */; };
		E8D01CAB2C85C64F008A57B6 /* Alamofire in Frameworks */ = {isa = PBXBuildFile; productRef = E8D01CAA2C85C64F008A57B6 /* Alamofire */; };
/* End PBXBuildFile section */

/* Begin PBXFileReference section */
		E8D01C772C85B350008A57B6 /* ImageGenerator.app */ = {isa = PBXFileReference; explicitFileType = wrapper.application; includeInIndex = 0; path = ImageGenerator.app; sourceTree = BUILT_PRODUCTS_DIR; };
		E8D01C7A2C85B350008A57B6 /* ImageGeneratorApp.swift */ = {isa = PBXFileReference; lastKnownFileType = sourcecode.swift; path = ImageGeneratorApp.swift; sourceTree = "<group>"; };
		E8D01C7C2C85B350008A57B6 /* PromptView.swift */ = {isa = PBXFileReference; lastKnownFileType = sourcecode.swift; path = PromptView.swift; sourceTree = "<group>"; };
		E8D01C7E2C85B354008A57B6 /* Assets.xcassets */ = {isa = PBXFileReference; lastKnownFileType = folder.assetcatalog; path = Assets.xcassets; sourceTree = "<group>"; };
		E8D01C812C85B354008A57B6 /* Preview Assets.xcassets */ = {isa = PBXFileReference; lastKnownFileType = folder.assetcatalog; path = "Preview Assets.xcassets"; sourceTree = "<group>"; };
		E8D01C892C85B3CB008A57B6 /* ImageStyle.swift */ = {isa = PBXFileReference; lastKnownFileType = sourcecode.swift; path = ImageStyle.swift; sourceTree = "<group>"; };
		E8D01C8D2C85BC78008A57B6 /* GeneratorView.swift */ = {isa = PBXFileReference; lastKnownFileType = sourcecode.swift; path = GeneratorView.swift; sourceTree = "<group>"; };
		E8D01C902C85BD81008A57B6 /* GeneratedViewModel.swift */ = {isa = PBXFileReference; lastKnownFileType = sourcecode.swift; path = GeneratedViewModel.swift; sourceTree = "<group>"; };
		E8D01C982C85BF7F008A57B6 /* OpenAIService.swift */ = {isa = PBXFileReference; lastKnownFileType = sourcecode.swift; path = OpenAIService.swift; sourceTree = "<group>"; };
		E8D01C9A2C85C175008A57B6 /* Constans.swift */ = {isa = PBXFileReference; lastKnownFileType = sourcecode.swift; path = Constans.swift; sourceTree = "<group>"; };
/* End PBXFileReference section */

/* Begin PBXFrameworksBuildPhase section */
		E8D01C742C85B350008A57B6 /* Frameworks */ = {
			isa = PBXFrameworksBuildPhase;
			buildActionMask = 2147483647;
			files = (
				E8D01CAB2C85C64F008A57B6 /* Alamofire in Frameworks */,
			);
			runOnlyForDeploymentPostprocessing = 0;
		};
/* End PBXFrameworksBuildPhase section */

/* Begin PBXGroup section */
		E8D01C6E2C85B350008A57B6 = {
			isa = PBXGroup;
			children = (
				E8D01C792C85B350008A57B6 /* ImageGenerator */,
				E8D01C782C85B350008A57B6 /* Products */,
			);
			sourceTree = "<group>";
		};
		E8D01C782C85B350008A57B6 /* Products */ = {
			isa = PBXGroup;
			children = (
				E8D01C772C85B350008A57B6 /* ImageGenerator.app */,
			);
			name = Products;
			sourceTree = "<group>";
		};
		E8D01C792C85B350008A57B6 /* ImageGenerator */ = {
			isa = PBXGroup;
			children = (
				E8D01C972C85BF64008A57B6 /* API */,
				E8D01C8F2C85BD6B008A57B6 /* ViewModel */,
				E8D01C8C2C85BC61008A57B6 /* View */,
				E8D01C882C85B392008A57B6 /* Model */,
				E8D01C7A2C85B350008A57B6 /* ImageGeneratorApp.swift */,
				E8D01C7C2C85B350008A57B6 /* PromptView.swift */,
				E8D01C7E2C85B354008A57B6 /* Assets.xcassets */,
				E8D01C802C85B354008A57B6 /* Preview Content */,
			);
			path = ImageGenerator;
			sourceTree = "<group>";
		};
		E8D01C802C85B354008A57B6 /* Preview Content */ = {
			isa = PBXGroup;
			children = (
				E8D01C812C85B354008A57B6 /* Preview Assets.xcassets */,
			);
			path = "Preview Content";
			sourceTree = "<group>";
		};
		E8D01C882C85B392008A57B6 /* Model */ = {
			isa = PBXGroup;
			children = (
				E8D01C892C85B3CB008A57B6 /* ImageStyle.swift */,
				E8D01C9A2C85C175008A57B6 /* Constans.swift */,
			);
			path = Model;
			sourceTree = "<group>";
		};
		E8D01C8C2C85BC61008A57B6 /* View */ = {
			isa = PBXGroup;
			children = (
				E8D01C8D2C85BC78008A57B6 /* GeneratorView.swift */,
			);
			path = View;
			sourceTree = "<group>";
		};
		E8D01C8F2C85BD6B008A57B6 /* ViewModel */ = {
			isa = PBXGroup;
			children = (
				E8D01C902C85BD81008A57B6 /* GeneratedViewModel.swift */,
			);
			path = ViewModel;
			sourceTree = "<group>";
		};
		E8D01C972C85BF64008A57B6 /* API */ = {
			isa = PBXGroup;
			children = (
				E8D01C982C85BF7F008A57B6 /* OpenAIService.swift */,
			);
			path = API;
			sourceTree = "<group>";
		};
/* End PBXGroup section */

/* Begin PBXNativeTarget section */
		E8D01C762C85B350008A57B6 /* ImageGenerator */ = {
			isa = PBXNativeTarget;
			buildConfigurationList = E8D01C852C85B354008A57B6 /* Build configuration list for PBXNativeTarget "ImageGenerator" */;
			buildPhases = (
				E8D01C732C85B350008A57B6 /* Sources */,
				E8D01C742C85B350008A57B6 /* Frameworks */,
				E8D01C752C85B350008A57B6 /* Resources */,
			);
			buildRules = (
			);
			dependencies = (
			);
			name = ImageGenerator;
			packageProductDependencies = (
				E8D01CAA2C85C64F008A57B6 /* Alamofire */,
			);
			productName = ImageGenerator;
			productReference = E8D01C772C85B350008A57B6 /* ImageGenerator.app */;
			productType = "com.apple.product-type.application";
		};
/* End PBXNativeTarget section */

/* Begin PBXProject section */
		E8D01C6F2C85B350008A57B6 /* Project object */ = {
			isa = PBXProject;
			attributes = {
				BuildIndependentTargetsInParallel = 1;
				LastSwiftUpdateCheck = 1540;
				LastUpgradeCheck = 1540;
				TargetAttributes = {
					E8D01C762C85B350008A57B6 = {
						CreatedOnToolsVersion = 15.4;
					};
				};
			};
			buildConfigurationList = E8D01C722C85B350008A57B6 /* Build configuration list for PBXProject "ImageGenerator" */;
			compatibilityVersion = "Xcode 14.0";
			developmentRegion = en;
			hasScannedForEncodings = 0;
			knownRegions = (
				en,
				Base,
			);
			mainGroup = E8D01C6E2C85B350008A57B6;
			packageReferences = (
				E8D01CA92C85C64F008A57B6 /* XCRemoteSwiftPackageReference "Alamofire" */,
			);
			productRefGroup = E8D01C782C85B350008A57B6 /* Products */;
			projectDirPath = "";
			projectRoot = "";
			targets = (
				E8D01C762C85B350008A57B6 /* ImageGenerator */,
			);
		};
/* End PBXProject section */

/* Begin PBXResourcesBuildPhase section */
		E8D01C752C85B350008A57B6 /* Resources */ = {
			isa = PBXResourcesBuildPhase;
			buildActionMask = 2147483647;
			files = (
				E8D01C822C85B354008A57B6 /* Preview Assets.xcassets in Resources */,
				E8D01C7F2C85B354008A57B6 /* Assets.xcassets in Resources */,
			);
			runOnlyForDeploymentPostprocessing = 0;
		};
/* End PBXResourcesBuildPhase section */

/* Begin PBXSourcesBuildPhase section */
		E8D01C732C85B350008A57B6 /* Sources */ = {
			isa = PBXSourcesBuildPhase;
			buildActionMask = 2147483647;
			files = (
				E8D01C8E2C85BC78008A57B6 /* GeneratorView.swift in Sources */,
				E8D01C8A2C85B3CB008A57B6 /* ImageStyle.swift in Sources */,
				E8D01C912C85BD81008A57B6 /* GeneratedViewModel.swift in Sources */,
				E8D01C7D2C85B350008A57B6 /* PromptView.swift in Sources */,
				E8D01C7B2C85B350008A57B6 /* ImageGeneratorApp.swift in Sources */,
				E8D01C9B2C85C175008A57B6 /* Constans.swift in Sources */,
				E8D01C992C85BF7F008A57B6 /* OpenAIService.swift in Sources */,
			);
			runOnlyForDeploymentPostprocessing = 0;
		};
/* End PBXSourcesBuildPhase section */

/* Begin XCBuildConfiguration section */
		E8D01C832C85B354008A57B6 /* Debug */ = {
			isa = XCBuildConfiguration;
			buildSettings = {
				ALWAYS_SEARCH_USER_PATHS = NO;
				ASSETCATALOG_COMPILER_GENERATE_SWIFT_ASSET_SYMBOL_EXTENSIONS = YES;
				CLANG_ANALYZER_NONNULL = YES;
				CLANG_ANALYZER_NUMBER_OBJECT_CONVERSION = YES_AGGRESSIVE;
				CLANG_CXX_LANGUAGE_STANDARD = "gnu++20";
				CLANG_ENABLE_MODULES = YES;
				CLANG_ENABLE_OBJC_ARC = YES;
				CLANG_ENABLE_OBJC_WEAK = YES;
				CLANG_WARN_BLOCK_CAPTURE_AUTORELEASING = YES;
				CLANG_WARN_BOOL_CONVERSION = YES;
				CLANG_WARN_COMMA = YES;
				CLANG_WARN_CONSTANT_CONVERSION = YES;
				CLANG_WARN_DEPRECATED_OBJC_IMPLEMENTATIONS = YES;
				CLANG_WARN_DIRECT_OBJC_ISA_USAGE = YES_ERROR;
				CLANG_WARN_DOCUMENTATION_COMMENTS = YES;
				CLANG_WARN_EMPTY_BODY = YES;
				CLANG_WARN_ENUM_CONVERSION = YES;
				CLANG_WARN_INFINITE_RECURSION = YES;
				CLANG_WARN_INT_CONVERSION = YES;
				CLANG_WARN_NON_LITERAL_NULL_CONVERSION = YES;
				CLANG_WARN_OBJC_IMPLICIT_RETAIN_SELF = YES;
				CLANG_WARN_OBJC_LITERAL_CONVERSION = YES;
				CLANG_WARN_OBJC_ROOT_CLASS = YES_ERROR;
				CLANG_WARN_QUOTED_INCLUDE_IN_FRAMEWORK_HEADER = YES;
				CLANG_WARN_RANGE_LOOP_ANALYSIS = YES;
				CLANG_WARN_STRICT_PROTOTYPES = YES;
				CLANG_WARN_SUSPICIOUS_MOVE = YES;
				CLANG_WARN_UNGUARDED_AVAILABILITY = YES_AGGRESSIVE;
				CLANG_WARN_UNREACHABLE_CODE = YES;
				CLANG_WARN__DUPLICATE_METHOD_MATCH = YES;
				COPY_PHASE_STRIP = NO;
				DEBUG_INFORMATION_FORMAT = dwarf;
				ENABLE_STRICT_OBJC_MSGSEND = YES;
				ENABLE_TESTABILITY = YES;
				ENABLE_USER_SCRIPT_SANDBOXING = YES;
				GCC_C_LANGUAGE_STANDARD = gnu17;
				GCC_DYNAMIC_NO_PIC = NO;
				GCC_NO_COMMON_BLOCKS = YES;
				GCC_OPTIMIZATION_LEVEL = 0;
				GCC_PREPROCESSOR_DEFINITIONS = (
					"DEBUG=1",
					"$(inherited)",
				);
				GCC_WARN_64_TO_32_BIT_CONVERSION = YES;
				GCC_WARN_ABOUT_RETURN_TYPE = YES_ERROR;
				GCC_WARN_UNDECLARED_SELECTOR = YES;
				GCC_WARN_UNINITIALIZED_AUTOS = YES_AGGRESSIVE;
				GCC_WARN_UNUSED_FUNCTION = YES;
				GCC_WARN_UNUSED_VARIABLE = YES;
				IPHONEOS_DEPLOYMENT_TARGET = 17.5;
				LOCALIZATION_PREFERS_STRING_CATALOGS = YES;
				MTL_ENABLE_DEBUG_INFO = INCLUDE_SOURCE;
				MTL_FAST_MATH = YES;
				ONLY_ACTIVE_ARCH = YES;
				SDKROOT = iphoneos;
				SWIFT_ACTIVE_COMPILATION_CONDITIONS = "DEBUG $(inherited)";
				SWIFT_OPTIMIZATION_LEVEL = "-Onone";
			};
			name = Debug;
		};
		E8D01C842C85B354008A57B6 /* Release */ = {
			isa = XCBuildConfiguration;
			buildSettings = {
				ALWAYS_SEARCH_USER_PATHS = NO;
				ASSETCATALOG_COMPILER_GENERATE_SWIFT_ASSET_SYMBOL_EXTENSIONS = YES;
				CLANG_ANALYZER_NONNULL = YES;
				CLANG_ANALYZER_NUMBER_OBJECT_CONVERSION = YES_AGGRESSIVE;
				CLANG_CXX_LANGUAGE_STANDARD = "gnu++20";
				CLANG_ENABLE_MODULES = YES;
				CLANG_ENABLE_OBJC_ARC = YES;
				CLANG_ENABLE_OBJC_WEAK = YES;
				CLANG_WARN_BLOCK_CAPTURE_AUTORELEASING = YES;
				CLANG_WARN_BOOL_CONVERSION = YES;
				CLANG_WARN_COMMA = YES;
				CLANG_WARN_CONSTANT_CONVERSION = YES;
				CLANG_WARN_DEPRECATED_OBJC_IMPLEMENTATIONS = YES;
				CLANG_WARN_DIRECT_OBJC_ISA_USAGE = YES_ERROR;
				CLANG_WARN_DOCUMENTATION_COMMENTS = YES;
				CLANG_WARN_EMPTY_BODY = YES;
				CLANG_WARN_ENUM_CONVERSION = YES;
				CLANG_WARN_INFINITE_RECURSION = YES;
				CLANG_WARN_INT_CONVERSION = YES;
				CLANG_WARN_NON_LITERAL_NULL_CONVERSION = YES;
				CLANG_WARN_OBJC_IMPLICIT_RETAIN_SELF = YES;
				CLANG_WARN_OBJC_LITERAL_CONVERSION = YES;
				CLANG_WARN_OBJC_ROOT_CLASS = YES_ERROR;
				CLANG_WARN_QUOTED_INCLUDE_IN_FRAMEWORK_HEADER = YES;
				CLANG_WARN_RANGE_LOOP_ANALYSIS = YES;
				CLANG_WARN_STRICT_PROTOTYPES = YES;
				CLANG_WARN_SUSPICIOUS_MOVE = YES;
				CLANG_WARN_UNGUARDED_AVAILABILITY = YES_AGGRESSIVE;
				CLANG_WARN_UNREACHABLE_CODE = YES;
				CLANG_WARN__DUPLICATE_METHOD_MATCH = YES;
				COPY_PHASE_STRIP = NO;
				DEBUG_INFORMATION_FORMAT = "dwarf-with-dsym";
				ENABLE_NS_ASSERTIONS = NO;
				ENABLE_STRICT_OBJC_MSGSEND = YES;
				ENABLE_USER_SCRIPT_SANDBOXING = YES;
				GCC_C_LANGUAGE_STANDARD = gnu17;
				GCC_NO_COMMON_BLOCKS = YES;
				GCC_WARN_64_TO_32_BIT_CONVERSION = YES;
				GCC_WARN_ABOUT_RETURN_TYPE = YES_ERROR;
				GCC_WARN_UNDECLARED_SELECTOR = YES;
				GCC_WARN_UNINITIALIZED_AUTOS = YES_AGGRESSIVE;
				GCC_WARN_UNUSED_FUNCTION = YES;
				GCC_WARN_UNUSED_VARIABLE = YES;
				IPHONEOS_DEPLOYMENT_TARGET = 17.5;
				LOCALIZATION_PREFERS_STRING_CATALOGS = YES;
				MTL_ENABLE_DEBUG_INFO = NO;
				MTL_FAST_MATH = YES;
				SDKROOT = iphoneos;
				SWIFT_COMPILATION_MODE = wholemodule;
				VALIDATE_PRODUCT = YES;
			};
			name = Release;
		};
		E8D01C862C85B354008A57B6 /* Debug */ = {
			isa = XCBuildConfiguration;
			buildSettings = {
				ASSETCATALOG_COMPILER_APPICON_NAME = AppIcon;
				ASSETCATALOG_COMPILER_GLOBAL_ACCENT_COLOR_NAME = AccentColor;
				CODE_SIGN_STYLE = Automatic;
				CURRENT_PROJECT_VERSION = 1;
				DEVELOPMENT_ASSET_PATHS = "\"ImageGenerator/Preview Content\"";
				DEVELOPMENT_TEAM = U4CB493TXH;
				ENABLE_PREVIEWS = YES;
				GENERATE_INFOPLIST_FILE = YES;
				INFOPLIST_KEY_UIApplicationSceneManifest_Generation = YES;
				INFOPLIST_KEY_UIApplicationSupportsIndirectInputEvents = YES;
				INFOPLIST_KEY_UILaunchScreen_Generation = YES;
				INFOPLIST_KEY_UISupportedInterfaceOrientations_iPad = "UIInterfaceOrientationPortrait UIInterfaceOrientationPortraitUpsideDown UIInterfaceOrientationLandscapeLeft UIInterfaceOrientationLandscapeRight";
				INFOPLIST_KEY_UISupportedInterfaceOrientations_iPhone = "UIInterfaceOrientationPortrait UIInterfaceOrientationLandscapeLeft UIInterfaceOrientationLandscapeRight";
				LD_RUNPATH_SEARCH_PATHS = (
					"$(inherited)",
					"@executable_path/Frameworks",
				);
				MARKETING_VERSION = 1.0;
				PRODUCT_BUNDLE_IDENTIFIER = drevis.tp.ImageGenerator;
				PRODUCT_NAME = "$(TARGET_NAME)";
				SWIFT_EMIT_LOC_STRINGS = YES;
				SWIFT_VERSION = 5.0;
				TARGETED_DEVICE_FAMILY = "1,2";
			};
			name = Debug;
		};
		E8D01C872C85B354008A57B6 /* Release */ = {
			isa = XCBuildConfiguration;
			buildSettings = {
				ASSETCATALOG_COMPILER_APPICON_NAME = AppIcon;
				ASSETCATALOG_COMPILER_GLOBAL_ACCENT_COLOR_NAME = AccentColor;
				CODE_SIGN_STYLE = Automatic;
				CURRENT_PROJECT_VERSION = 1;
				DEVELOPMENT_ASSET_PATHS = "\"ImageGenerator/Preview Content\"";
				DEVELOPMENT_TEAM = U4CB493TXH;
				ENABLE_PREVIEWS = YES;
				GENERATE_INFOPLIST_FILE = YES;
				INFOPLIST_KEY_UIApplicationSceneManifest_Generation = YES;
				INFOPLIST_KEY_UIApplicationSupportsIndirectInputEvents = YES;
				INFOPLIST_KEY_UILaunchScreen_Generation = YES;
				INFOPLIST_KEY_UISupportedInterfaceOrientations_iPad = "UIInterfaceOrientationPortrait UIInterfaceOrientationPortraitUpsideDown UIInterfaceOrientationLandscapeLeft UIInterfaceOrientationLandscapeRight";
				INFOPLIST_KEY_UISupportedInterfaceOrientations_iPhone = "UIInterfaceOrientationPortrait UIInterfaceOrientationLandscapeLeft UIInterfaceOrientationLandscapeRight";
				LD_RUNPATH_SEARCH_PATHS = (
					"$(inherited)",
					"@executable_path/Frameworks",
				);
				MARKETING_VERSION = 1.0;
				PRODUCT_BUNDLE_IDENTIFIER = drevis.tp.ImageGenerator;
				PRODUCT_NAME = "$(TARGET_NAME)";
				SWIFT_EMIT_LOC_STRINGS = YES;
				SWIFT_VERSION = 5.0;
				TARGETED_DEVICE_FAMILY = "1,2";
			};
			name = Release;
		};
/* End XCBuildConfiguration section */

/* Begin XCConfigurationList section */
		E8D01C722C85B350008A57B6 /* Build configuration list for PBXProject "ImageGenerator" */ = {
			isa = XCConfigurationList;
			buildConfigurations = (
				E8D01C832C85B354008A57B6 /* Debug */,
				E8D01C842C85B354008A57B6 /* Release */,
			);
			defaultConfigurationIsVisible = 0;
			defaultConfigurationName = Release;
		};
		E8D01C852C85B354008A57B6 /* Build configuration list for PBXNativeTarget "ImageGenerator" */ = {
			isa = XCConfigurationList;
			buildConfigurations = (
				E8D01C862C85B354008A57B6 /* Debug */,
				E8D01C872C85B354008A57B6 /* Release */,
			);
			defaultConfigurationIsVisible = 0;
			defaultConfigurationName = Release;
		};
/* End XCConfigurationList section */

/* Begin XCRemoteSwiftPackageReference section */
		E8D01CA92C85C64F008A57B6 /* XCRemoteSwiftPackageReference "Alamofire" */ = {
			isa = XCRemoteSwiftPackageReference;
			repositoryURL = "https://github.com/Alamofire/Alamofire.git";
			requirement = {
				kind = upToNextMajorVersion;
				minimumVersion = 5.9.1;
			};
		};
/* End XCRemoteSwiftPackageReference section */

/* Begin XCSwiftPackageProductDependency section */
		E8D01CAA2C85C64F008A57B6 /* Alamofire */ = {
			isa = XCSwiftPackageProductDependency;
			package = E8D01CA92C85C64F008A57B6 /* XCRemoteSwiftPackageReference "Alamofire" */;
			productName = Alamofire;
		};
/* End XCSwiftPackageProductDependency section */
	};
	rootObject = E8D01C6F2C85B350008A57B6 /* Project object */;
}
